
Microsoft Visual Studio Solution File, Format Version 12.00
# Visual Studio Version 17
VisualStudioVersion = 17.6.33829.357
MinimumVisualStudioVersion = 10.0.40219.1
Project("{8BC9CEB8-8B4A-11D0-8D11-00A0C91BC942}") = "Passwordgenerator", "Passwordgenerator.vcxproj", "{872A4039-3F59-4368-B161-623AC28EAD80}"
EndProject
Global
	GlobalSection(SolutionConfigurationPlatforms) = preSolution
		Debug|x64 = Debug|x64
		Debug|x86 = Debug|x86
		Release|x64 = Release|x64
		Release|x86 = Release|x86
	EndGlobalSection
	GlobalSection(ProjectConfigurationPlatforms) = postSolution
		{872A4039-3F59-4368-B161-623AC28EAD80}.Debug|x64.ActiveCfg = Debug|x64
		{872A4039-3F59-4368-B161-623AC28EAD80}.Debug|x64.Build.0 = Debug|x64
		{872A4039-3F59-4368-B161-623AC28EAD80}.Debug|x86.ActiveCfg = Debug|Win32
		{872A4039-3F59-4368-B161-623AC28EAD80}.Debug|x86.Build.0 = Debug|Win32
		{872A4039-3F59-4368-B161-623AC28EAD80}.Release|x64.ActiveCfg = Release|x64
		{872A4039-3F59-4368-B161-623AC28EAD80}.Release|x64.Build.0 = Release|x64
		{872A4039-3F59-4368-B161-623AC28EAD80}.Release|x86.ActiveCfg = Release|Win32
		{872A4039-3F59-4368-B161-623AC28EAD80}.Release|x86.Build.0 = Release|Win32
	EndGlobalSection
	GlobalSection(SolutionProperties) = preSolution
		HideSolutionNode = FALSE
	EndGlobalSection
	GlobalSection(ExtensibilityGlobals) = postSolution
		SolutionGuid = {2FF4B664-1A47-460D-8842-A91EE2EF02BE}
	EndGlobalSection
EndGlobal
